github.com/238Studio/child-nodes-assist v1.14.0 h1:4xSyLh4lChUZAQl1Vh48DPMcwpb4761bQ1lnZkt1Xb8=
github.com/238Studio/child-nodes-assist v1.14.0/go.mod h1:moO2jhZ3uqBflOqqhZncfQaRDsMj5Iz/vun+1uRpZ6w=
github.com/238Studio/child-nodes-assist v1.14.1 h1:Kyb2AdstHu9VGijXxqvgeSInW7kUwd3mIyNI83CADrQ=
github.com/238Studio/child-nodes-assist v1.14.1/go.mod h1:moO2jhZ3uqBflOqqhZncfQaRDsMj5Iz/vun+1uRpZ6w=
